// !$*UTF8*$!
{
	archiveVersion = 1;
	classes = {
	};
	objectVersion = 46;
	objects = {

/* Begin PBXBuildFile section */
		E2E88BFC1AA3FBFE00048A90 /* main.m in Sources */ = {isa = PBXBuildFile; fileRef = E2E88BFB1AA3FBFE00048A90 /* main.m */; };
		E2E88BFF1AA3FBFE00048A90 /* AppDelegate.m in Sources */ = {isa = PBXBuildFile; fileRef = E2E88BFE1AA3FBFE00048A90 /* AppDelegate.m */; };
		E2E88C021AA3FBFE00048A90 /* Garage.xcdatamodeld in Sources */ = {isa = PBXBuildFile; fileRef = E2E88C001AA3FBFE00048A90 /* Garage.xcdatamodeld */; };
		E2E88C051AA3FBFE00048A90 /* ViewController.m in Sources */ = {isa = PBXBuildFile; fileRef = E2E88C041AA3FBFE00048A90 /* ViewController.m */; };
		E2E88C081AA3FBFE00048A90 /* Main.storyboard in Resources */ = {isa = PBXBuildFile; fileRef = E2E88C061AA3FBFE00048A90 /* Main.storyboard */; };
		E2E88C0A1AA3FBFE00048A90 /* Images.xcassets in Resources */ = {isa = PBXBuildFile; fileRef = E2E88C091AA3FBFE00048A90 /* Images.xcassets */; };
		E2E88C0D1AA3FBFE00048A90 /* LaunchScreen.xib in Resources */ = {isa = PBXBuildFile; fileRef = E2E88C0B1AA3FBFE00048A90 /* LaunchScreen.xib */; };
		E2E88C191AA3FBFE00048A90 /* GarageTests.m in Sources */ = {isa = PBXBuildFile; fileRef = E2E88C181AA3FBFE00048A90 /* GarageTests.m */; };
/* End PBXBuildFile section */

/* Begin PBXContainerItemProxy section */
		E2E88C131AA3FBFE00048A90 /* PBXContainerItemProxy */ = {
			isa = PBXContainerItemProxy;
			containerPortal = E2E88BEE1AA3FBFE00048A90 /* Project object */;
			proxyType = 1;
			remoteGlobalIDString = E2E88BF51AA3FBFE00048A90;
			remoteInfo = Garage;
		};
/* End PBXContainerItemProxy section */

/* Begin PBXFileReference section */
		E2E88BF61AA3FBFE00048A90 /* Garage.app */ = {isa = PBXFileReference; explicitFileType = wrapper.application; includeInIndex = 0; path = Garage.app; sourceTree = BUILT_PRODUCTS_DIR; };
		E2E88BFA1AA3FBFE00048A90 /* Info.plist */ = {isa = PBXFileReference; lastKnownFileType = text.plist.xml; path = Info.plist; sourceTree = "<group>"; };
		E2E88BFB1AA3FBFE00048A90 /* main.m */ = {isa = PBXFileReference; lastKnownFileType = sourcecode.c.objc; path = main.m; sourceTree = "<group>"; };
		E2E88BFD1AA3FBFE00048A90 /* AppDelegate.h */ = {isa = PBXFileReference; lastKnownFileType = sourcecode.c.h; path = AppDelegate.h; sourceTree = "<group>"; };
		E2E88BFE1AA3FBFE00048A90 /* AppDelegate.m */ = {isa = PBXFileReference; lastKnownFileType = sourcecode.c.objc; path = AppDelegate.m; sourceTree = "<group>"; };
		E2E88C011AA3FBFE00048A90 /* Garage.xcdatamodel */ = {isa = PBXFileReference; lastKnownFileType = wrapper.xcdatamodel; path = Garage.xcdatamodel; sourceTree = "<group>"; };
		E2E88C031AA3FBFE00048A90 /* ViewController.h */ = {isa = PBXFileReference; lastKnownFileType = sourcecode.c.h; path = ViewController.h; sourceTree = "<group>"; };
		E2E88C041AA3FBFE00048A90 /* ViewController.m */ = {isa = PBXFileReference; lastKnownFileType = sourcecode.c.objc; path = ViewController.m; sourceTree = "<group>"; };
		E2E88C071AA3FBFE00048A90 /* Base */ = {isa = PBXFileReference; lastKnownFileType = file.storyboard; name = Base; path = Base.lproj/Main.storyboard; sourceTree = "<group>"; };
		E2E88C091AA3FBFE00048A90 /* Images.xcassets */ = {isa = PBXFileReference; lastKnownFileType = folder.assetcatalog; path = Images.xcassets; sourceTree = "<group>"; };
		E2E88C0C1AA3FBFE00048A90 /* Base */ = {isa = PBXFileReference; lastKnownFileType = file.xib; name = Base; path = Base.lproj/LaunchScreen.xib; sourceTree = "<group>"; };
		E2E88C121AA3FBFE00048A90 /* GarageTests.xctest */ = {isa = PBXFileReference; explicitFileType = wrapper.cfbundle; includeInIndex = 0; path = GarageTests.xctest; sourceTree = BUILT_PRODUCTS_DIR; };
		E2E88C171AA3FBFE00048A90 /* Info.plist */ = {isa = PBXFileReference; lastKnownFileType = text.plist.xml; path = Info.plist; sourceTree = "<group>"; };
		E2E88C181AA3FBFE00048A90 /* GarageTests.m */ = {isa = PBXFileReference; lastKnownFileType = sourcecode.c.objc; path = GarageTests.m; sourceTree = "<group>"; };
/* End PBXFileReference section */

/* Begin PBXFrameworksBuildPhase section */
		E2E88BF31AA3FBFE00048A90 /* Frameworks */ = {
			isa = PBXFrameworksBuildPhase;
			buildActionMask = 2147483647;
			files = (
			);
			runOnlyForDeploymentPostprocessing = 0;
		};
		E2E88C0F1AA3FBFE00048A90 /* Frameworks */ = {
			isa = PBXFrameworksBuildPhase;
			buildActionMask = 2147483647;
			files = (
			);
			runOnlyForDeploymentPostprocessing = 0;
		};
/* End PBXFrameworksBuildPhase section */

/* Begin PBXGroup section */
		E2E88BED1AA3FBFE00048A90 = {
			isa = PBXGroup;
			children = (
				E2E88BF81AA3FBFE00048A90 /* Garage */,
				E2E88C151AA3FBFE00048A90 /* GarageTests */,
				E2E88BF71AA3FBFE00048A90 /* Products */,
			);
			sourceTree = "<group>";
		};
		E2E88BF71AA3FBFE00048A90 /* Products */ = {
			isa = PBXGroup;
			children = (
				E2E88BF61AA3FBFE00048A90 /* Garage.app */,
				E2E88C121AA3FBFE00048A90 /* GarageTests.xctest */,
			);
			name = Products;
			sourceTree = "<group>";
		};
		E2E88BF81AA3FBFE00048A90 /* Garage */ = {
			isa = PBXGroup;
			children = (
				E2E88BFD1AA3FBFE00048A90 /* AppDelegate.h */,
				E2E88BFE1AA3FBFE00048A90 /* AppDelegate.m */,
				E2E88C031AA3FBFE00048A90 /* ViewController.h */,
				E2E88C041AA3FBFE00048A90 /* ViewController.m */,
				E2E88C061AA3FBFE00048A90 /* Main.storyboard */,
				E2E88C091AA3FBFE00048A90 /* Images.xcassets */,
				E2E88C0B1AA3FBFE00048A90 /* LaunchScreen.xib */,
				E2E88C001AA3FBFE00048A90 /* Garage.xcdatamodeld */,
				E2E88BF91AA3FBFE00048A90 /* Supporting Files */,
			);
			path = Garage;
			sourceTree = "<group>";
		};
		E2E88BF91AA3FBFE00048A90 /* Supporting Files */ = {
			isa = PBXGroup;
			children = (
				E2E88BFA1AA3FBFE00048A90 /* Info.plist */,
				E2E88BFB1AA3FBFE00048A90 /* main.m */,
			);
			name = "Supporting Files";
			sourceTree = "<group>";
		};
		E2E88C151AA3FBFE00048A90 /* GarageTests */ = {
			isa = PBXGroup;
			children = (
				E2E88C181AA3FBFE00048A90 /* GarageTests.m */,
				E2E88C161AA3FBFE00048A90 /* Supporting Files */,
			);
			path = GarageTests;
			sourceTree = "<group>";
		};
		E2E88C161AA3FBFE00048A90 /* Supporting Files */ = {
			isa = PBXGroup;
			children = (
				E2E88C171AA3FBFE00048A90 /* Info.plist */,
			);
			name = "Supporting Files";
			sourceTree = "<group>";
		};
/* End PBXGroup section */

/* Begin PBXNativeTarget section */
		E2E88BF51AA3FBFE00048A90 /* Garage */ = {
			isa = PBXNativeTarget;
			buildConfigurationList = E2E88C1C1AA3FBFE00048A90 /* Build configuration list for PBXNativeTarget "Garage" */;
			buildPhases = (
				E2E88BF21AA3FBFE00048A90 /* Sources */,
				E2E88BF31AA3FBFE00048A90 /* Frameworks */,
				E2E88BF41AA3FBFE00048A90 /* Resources */,
			);
			buildRules = (
			);
			dependencies = (
			);
			name = Garage;
			productName = Garage;
			productReference = E2E88BF61AA3FBFE00048A90 /* Garage.app */;
			productType = "com.apple.product-type.application";
		};
		E2E88C111AA3FBFE00048A90 /* GarageTests */ = {
			isa = PBXNativeTarget;
			buildConfigurationList = E2E88C1F1AA3FBFE00048A90 /* Build configuration list for PBXNativeTarget "GarageTests" */;
			buildPhases = (
				E2E88C0E1AA3FBFE00048A90 /* Sources */,
				E2E88C0F1AA3FBFE00048A90 /* Frameworks */,
				E2E88C101AA3FBFE00048A90 /* Resources */,
			);
			buildRules = (
			);
			dependencies = (
				E2E88C141AA3FBFE00048A90 /* PBXTargetDependency */,
			);
			name = GarageTests;
			productName = GarageTests;
			productReference = E2E88C121AA3FBFE00048A90 /* GarageTests.xctest */;
			productType = "com.apple.product-type.bundle.unit-test";
		};
/* End PBXNativeTarget section */

/* Begin PBXProject section */
		E2E88BEE1AA3FBFE00048A90 /* Project object */ = {
			isa = PBXProject;
			attributes = {
				LastUpgradeCheck = 0610;
				ORGANIZATIONNAME = Administrator;
				TargetAttributes = {
					E2E88BF51AA3FBFE00048A90 = {
						CreatedOnToolsVersion = 6.1;
					};
					E2E88C111AA3FBFE00048A90 = {
						CreatedOnToolsVersion = 6.1;
						TestTargetID = E2E88BF51AA3FBFE00048A90;
					};
				};
			};
			buildConfigurationList = E2E88BF11AA3FBFE00048A90 /* Build configuration list for PBXProject "Garage" */;
			compatibilityVersion = "Xcode 3.2";
			developmentRegion = English;
			hasScannedForEncodings = 0;
			knownRegions = (
				en,
				Base,
			);
			mainGroup = E2E88BED1AA3FBFE00048A90;
			productRefGroup = E2E88BF71AA3FBFE00048A90 /* Products */;
			projectDirPath = "";
			projectRoot = "";
			targets = (
				E2E88BF51AA3FBFE00048A90 /* Garage */,
				E2E88C111AA3FBFE00048A90 /* GarageTests */,
			);
		};
/* End PBXProject section */

/* Begin PBXResourcesBuildPhase section */
		E2E88BF41AA3FBFE00048A90 /* Resources */ = {
			isa = PBXResourcesBuildPhase;
			buildActionMask = 2147483647;
			files = (
				E2E88C081AA3FBFE00048A90 /* Main.storyboard in Resources */,
				E2E88C0D1AA3FBFE00048A90 /* LaunchScreen.xib in Resources */,
				E2E88C0A1AA3FBFE00048A90 /* Images.xcassets in Resources */,
			);
			runOnlyForDeploymentPostprocessing = 0;
		};
		E2E88C101AA3FBFE00048A90 /* Resources */ = {
			isa = PBXResourcesBuildPhase;
			buildActionMask = 2147483647;
			files = (
			);
			runOnlyForDeploymentPostprocessing = 0;
		};
/* End PBXResourcesBuildPhase section */

/* Begin PBXSourcesBuildPhase section */
		E2E88BF21AA3FBFE00048A90 /* Sources */ = {
			isa = PBXSourcesBuildPhase;
			buildActionMask = 2147483647;
			files = (
				E2E88BFF1AA3FBFE00048A90 /* AppDelegate.m in Sources */,
				E2E88C021AA3FBFE00048A90 /* Garage.xcdatamodeld in Sources */,
				E2E88C051AA3FBFE00048A90 /* ViewController.m in Sources */,
				E2E88BFC1AA3FBFE00048A90 /* main.m in Sources */,
			);
			runOnlyForDeploymentPostprocessing = 0;
		};
		E2E88C0E1AA3FBFE00048A90 /* Sources */ = {
			isa = PBXSourcesBuildPhase;
			buildActionMask = 2147483647;
			files = (
				E2E88C191AA3FBFE00048A90 /* GarageTests.m in Sources */,
			);
			runOnlyForDeploymentPostprocessing = 0;
		};
/* End PBXSourcesBuildPhase section */

/* Begin PBXTargetDependency section */
		E2E88C141AA3FBFE00048A90 /* PBXTargetDependency */ = {
			isa = PBXTargetDependency;
			target = E2E88BF51AA3FBFE00048A90 /* Garage */;
			targetProxy = E2E88C131AA3FBFE00048A90 /* PBXContainerItemProxy */;
		};
/* End PBXTargetDependency section */

/* Begin PBXVariantGroup section */
		E2E88C061AA3FBFE00048A90 /* Main.storyboard */ = {
			isa = PBXVariantGroup;
			children = (
				E2E88C071AA3FBFE00048A90 /* Base */,
			);
			name = Main.storyboard;
			sourceTree = "<group>";
		};
		E2E88C0B1AA3FBFE00048A90 /* LaunchScreen.xib */ = {
			isa = PBXVariantGroup;
			children = (
				E2E88C0C1AA3FBFE00048A90 /* Base */,
			);
			name = LaunchScreen.xib;
			sourceTree = "<group>";
		};
/* End PBXVariantGroup section */

/* Begin XCBuildConfiguration section */
		E2E88C1A1AA3FBFE00048A90 /* Debug */ = {
			isa = XCBuildConfiguration;
			buildSettings = {
				ALWAYS_SEARCH_USER_PATHS = NO;
				CLANG_CXX_LANGUAGE_STANDARD = "gnu++0x";
				CLANG_CXX_LIBRARY = "libc++";
				CLANG_ENABLE_MODULES = YES;
				CLANG_ENABLE_OBJC_ARC = YES;
				CLANG_WARN_BOOL_CONVERSION = YES;
				CLANG_WARN_CONSTANT_CONVERSION = YES;
				CLANG_WARN_DIRECT_OBJC_ISA_USAGE = YES_ERROR;
				CLANG_WARN_EMPTY_BODY = YES;
				CLANG_WARN_ENUM_CONVERSION = YES;
				CLANG_WARN_INT_CONVERSION = YES;
				CLANG_WARN_OBJC_ROOT_CLASS = YES_ERROR;
				CLANG_WARN_UNREACHABLE_CODE = YES;
				CLANG_WARN__DUPLICATE_METHOD_MATCH = YES;
				"CODE_SIGN_IDENTITY[sdk=iphoneos*]" = "iPhone Developer";
				COPY_PHASE_STRIP = NO;
				ENABLE_STRICT_OBJC_MSGSEND = YES;
				GCC_C_LANGUAGE_STANDARD = gnu99;
				GCC_DYNAMIC_NO_PIC = NO;
				GCC_OPTIMIZATION_LEVEL = 0;
				GCC_PREPROCESSOR_DEFINITIONS = (
					"DEBUG=1",
					"$(inherited)",
				);
				GCC_SYMBOLS_PRIVATE_EXTERN = NO;
				GCC_WARN_64_TO_32_BIT_CONVERSION = YES;
				GCC_WARN_ABOUT_RETURN_TYPE = YES_ERROR;
				GCC_WARN_UNDECLARED_SELECTOR = YES;
				GCC_WARN_UNINITIALIZED_AUTOS = YES_AGGRESSIVE;
				GCC_WARN_UNUSED_FUNCTION = YES;
				GCC_WARN_UNUSED_VARIABLE = YES;
				IPHONEOS_DEPLOYMENT_TARGET = 8.1;
				MTL_ENABLE_DEBUG_INFO = YES;
				ONLY_ACTIVE_ARCH = YES;
				SDKROOT = iphoneos;
			};
			name = Debug;
		};
		E2E88C1B1AA3FBFE00048A90 /* Release */ = {
			isa = XCBuildConfiguration;
			buildSettings = {
				ALWAYS_SEARCH_USER_PATHS = NO;
				CLANG_CXX_LANGUAGE_STANDARD = "gnu++0x";
				CLANG_CXX_LIBRARY = "libc++";
				CLANG_ENABLE_MODULES = YES;
				CLANG_ENABLE_OBJC_ARC = YES;
				CLANG_WARN_BOOL_CONVERSION = YES;
				CLANG_WARN_CONSTANT_CONVERSION = YES;
				CLANG_WARN_DIRECT_OBJC_ISA_USAGE = YES_ERROR;
				CLANG_WARN_EMPTY_BODY = YES;
				CLANG_WARN_ENUM_CONVERSION = YES;
				CLANG_WARN_INT_CONVERSION = YES;
				CLANG_WARN_OBJC_ROOT_CLASS = YES_ERROR;
				CLANG_WARN_UNREACHABLE_CODE = YES;
				CLANG_WARN__DUPLICATE_METHOD_MATCH = YES;
				"CODE_SIGN_IDENTITY[sdk=iphoneos*]" = "iPhone Developer";
				COPY_PHASE_STRIP = YES;
				ENABLE_NS_ASSERTIONS = NO;
				ENABLE_STRICT_OBJC_MSGSEND = YES;
				GCC_C_LANGUAGE_STANDARD = gnu99;
				GCC_WARN_64_TO_32_BIT_CONVERSION = YES;
				GCC_WARN_ABOUT_RETURN_TYPE = YES_ERROR;
				GCC_WARN_UNDECLARED_SELECTOR = YES;
				GCC_WARN_UNINITIALIZED_AUTOS = YES_AGGRESSIVE;
				GCC_WARN_UNUSED_FUNCTION = YES;
				GCC_WARN_UNUSED_VARIABLE = YES;
				IPHONEOS_DEPLOYMENT_TARGET = 8.1;
				MTL_ENABLE_DEBUG_INFO = NO;
				SDKROOT = iphoneos;
				VALIDATE_PRODUCT = YES;
			};
			name = Release;
		};
		E2E88C1D1AA3FBFE00048A90 /* Debug */ = {
			isa = XCBuildConfiguration;
			buildSettings = {
				ASSETCATALOG_COMPILER_APPICON_NAME = AppIcon;
				INFOPLIST_FILE = Garage/Info.plist;
				LD_RUNPATH_SEARCH_PATHS = "$(inherited) @executable_path/Frameworks";
				PRODUCT_NAME = "$(TARGET_NAME)";
			};
			name = Debug;
		};
		E2E88C1E1AA3FBFE00048A90 /* Release */ = {
			isa = XCBuildConfiguration;
			buildSettings = {
				ASSETCATALOG_COMPILER_APPICON_NAME = AppIcon;
				INFOPLIST_FILE = Garage/Info.plist;
				LD_RUNPATH_SEARCH_PATHS = "$(inherited) @executable_path/Frameworks";
				PRODUCT_NAME = "$(TARGET_NAME)";
			};
			name = Release;
		};
		E2E88C201AA3FBFE00048A90 /* Debug */ = {
			isa = XCBuildConfiguration;
			buildSettings = {
				BUNDLE_LOADER = "$(TEST_HOST)";
				FRAMEWORK_SEARCH_PATHS = (
					"$(SDKROOT)/Developer/Library/Frameworks",
					"$(inherited)",
				);
				GCC_PREPROCESSOR_DEFINITIONS = (
					"DEBUG=1",
					"$(inherited)",
				);
				INFOPLIST_FILE = GarageTests/Info.plist;
				LD_RUNPATH_SEARCH_PATHS = "$(inherited) @executable_path/Frameworks @loader_path/Frameworks";
				PRODUCT_NAME = "$(TARGET_NAME)";
				TEST_HOST = "$(BUILT_PRODUCTS_DIR)/Garage.app/Garage";
			};
			name = Debug;
		};
		E2E88C211AA3FBFE00048A90 /* Release */ = {
			isa = XCBuildConfiguration;
			buildSettings = {
				BUNDLE_LOADER = "$(TEST_HOST)";
				FRAMEWORK_SEARCH_PATHS = (
					"$(SDKROOT)/Developer/Library/Frameworks",
					"$(inherited)",
				);
				INFOPLIST_FILE = GarageTests/Info.plist;
				LD_RUNPATH_SEARCH_PATHS = "$(inherited) @executable_path/Frameworks @loader_path/Frameworks";
				PRODUCT_NAME = "$(TARGET_NAME)";
				TEST_HOST = "$(BUILT_PRODUCTS_DIR)/Garage.app/Garage";
			};
			name = Release;
		};
/* End XCBuildConfiguration section */

/* Begin XCConfigurationList section */
		E2E88BF11AA3FBFE00048A90 /* Build configuration list for PBXProject "Garage" */ = {
			isa = XCConfigurationList;
			buildConfigurations = (
				E2E88C1A1AA3FBFE00048A90 /* Debug */,
				E2E88C1B1AA3FBFE00048A90 /* Release */,
			);
			defaultConfigurationIsVisible = 0;
			defaultConfigurationName = Release;
		};
		E2E88C1C1AA3FBFE00048A90 /* Build configuration list for PBXNativeTarget "Garage" */ = {
			isa = XCConfigurationList;
			buildConfigurations = (
				E2E88C1D1AA3FBFE00048A90 /* Debug */,
				E2E88C1E1AA3FBFE00048A90 /* Release */,
			);
			defaultConfigurationIsVisible = 0;
		};
		E2E88C1F1AA3FBFE00048A90 /* Build configuration list for PBXNativeTarget "GarageTests" */ = {
			isa = XCConfigurationList;
			buildConfigurations = (
				E2E88C201AA3FBFE00048A90 /* Debug */,
				E2E88C211AA3FBFE00048A90 /* Release */,
			);
			defaultConfigurationIsVisible = 0;
		};
/* End XCConfigurationList section */

/* Begin XCVersionGroup section */
		E2E88C001AA3FBFE00048A90 /* Garage.xcdatamodeld */ = {
			isa = XCVersionGroup;
			children = (
				E2E88C011AA3FBFE00048A90 /* Garage.xcdatamodel */,
			);
			currentVersion = E2E88C011AA3FBFE00048A90 /* Garage.xcdatamodel */;
			path = Garage.xcdatamodeld;
			sourceTree = "<group>";
			versionGroupType = wrapper.xcdatamodel;
		};
/* End XCVersionGroup section */
	};
	rootObject = E2E88BEE1AA3FBFE00048A90 /* Project object */;
}
